// !$*UTF8*$!
{
	archiveVersion = 1;
	classes = {
	};
	objectVersion = 56;
	objects = {

/* Begin PBXBuildFile section */
		60E142482AC4749900B405B6 /* MenuScene.swift in Sources */ = {isa = PBXBuildFile; fileRef = 60E142472AC4749900B405B6 /* MenuScene.swift */; };
		DADDCE1B2AC45F5E005DA2F6 /* AppDelegate.swift in Sources */ = {isa = PBXBuildFile; fileRef = DADDCE1A2AC45F5E005DA2F6 /* AppDelegate.swift */; };
		DADDCE1D2AC45F5E005DA2F6 /* GameScene.sks in Resources */ = {isa = PBXBuildFile; fileRef = DADDCE1C2AC45F5E005DA2F6 /* GameScene.sks */; };
		DADDCE212AC45F5E005DA2F6 /* GameScene.swift in Sources */ = {isa = PBXBuildFile; fileRef = DADDCE202AC45F5E005DA2F6 /* GameScene.swift */; };
		DADDCE232AC45F5E005DA2F6 /* GameViewController.swift in Sources */ = {isa = PBXBuildFile; fileRef = DADDCE222AC45F5E005DA2F6 /* GameViewController.swift */; };
		DADDCE262AC45F5E005DA2F6 /* Main.storyboard in Resources */ = {isa = PBXBuildFile; fileRef = DADDCE242AC45F5E005DA2F6 /* Main.storyboard */; };
		DADDCE282AC45F61005DA2F6 /* Assets.xcassets in Resources */ = {isa = PBXBuildFile; fileRef = DADDCE272AC45F61005DA2F6 /* Assets.xcassets */; };
		DADDCE2B2AC45F61005DA2F6 /* LaunchScreen.storyboard in Resources */ = {isa = PBXBuildFile; fileRef = DADDCE292AC45F61005DA2F6 /* LaunchScreen.storyboard */; };
		DADDCE352AC45F61005DA2F6 /* AlexRealPoolTests.swift in Sources */ = {isa = PBXBuildFile; fileRef = DADDCE342AC45F61005DA2F6 /* AlexRealPoolTests.swift */; };
		DADDCE3F2AC45F61005DA2F6 /* AlexRealPoolUITests.swift in Sources */ = {isa = PBXBuildFile; fileRef = DADDCE3E2AC45F61005DA2F6 /* AlexRealPoolUITests.swift */; };
		DADDCE412AC45F61005DA2F6 /* AlexRealPoolUITestsLaunchTests.swift in Sources */ = {isa = PBXBuildFile; fileRef = DADDCE402AC45F61005DA2F6 /* AlexRealPoolUITestsLaunchTests.swift */; };
/* End PBXBuildFile section */

/* Begin PBXContainerItemProxy section */
		DADDCE312AC45F61005DA2F6 /* PBXContainerItemProxy */ = {
			isa = PBXContainerItemProxy;
			containerPortal = DADDCE0F2AC45F5E005DA2F6 /* Project object */;
			proxyType = 1;
			remoteGlobalIDString = DADDCE162AC45F5E005DA2F6;
			remoteInfo = AlexRealPool;
		};
		DADDCE3B2AC45F61005DA2F6 /* PBXContainerItemProxy */ = {
			isa = PBXContainerItemProxy;
			containerPortal = DADDCE0F2AC45F5E005DA2F6 /* Project object */;
			proxyType = 1;
			remoteGlobalIDString = DADDCE162AC45F5E005DA2F6;
			remoteInfo = AlexRealPool;
		};
/* End PBXContainerItemProxy section */

/* Begin PBXFileReference section */
		60E142472AC4749900B405B6 /* MenuScene.swift */ = {isa = PBXFileReference; lastKnownFileType = sourcecode.swift; path = MenuScene.swift; sourceTree = "<group>"; };
		DADDCE172AC45F5E005DA2F6 /* AlexRealPool.app */ = {isa = PBXFileReference; explicitFileType = wrapper.application; includeInIndex = 0; path = AlexRealPool.app; sourceTree = BUILT_PRODUCTS_DIR; };
		DADDCE1A2AC45F5E005DA2F6 /* AppDelegate.swift */ = {isa = PBXFileReference; lastKnownFileType = sourcecode.swift; path = AppDelegate.swift; sourceTree = "<group>"; };
		DADDCE1C2AC45F5E005DA2F6 /* GameScene.sks */ = {isa = PBXFileReference; lastKnownFileType = file.sks; path = GameScene.sks; sourceTree = "<group>"; };
		DADDCE202AC45F5E005DA2F6 /* GameScene.swift */ = {isa = PBXFileReference; lastKnownFileType = sourcecode.swift; path = GameScene.swift; sourceTree = "<group>"; };
		DADDCE222AC45F5E005DA2F6 /* GameViewController.swift */ = {isa = PBXFileReference; lastKnownFileType = sourcecode.swift; path = GameViewController.swift; sourceTree = "<group>"; };
		DADDCE252AC45F5E005DA2F6 /* Base */ = {isa = PBXFileReference; lastKnownFileType = file.storyboard; name = Base; path = Base.lproj/Main.storyboard; sourceTree = "<group>"; };
		DADDCE272AC45F61005DA2F6 /* Assets.xcassets */ = {isa = PBXFileReference; lastKnownFileType = folder.assetcatalog; path = Assets.xcassets; sourceTree = "<group>"; };
		DADDCE2A2AC45F61005DA2F6 /* Base */ = {isa = PBXFileReference; lastKnownFileType = file.storyboard; name = Base; path = Base.lproj/LaunchScreen.storyboard; sourceTree = "<group>"; };
		DADDCE302AC45F61005DA2F6 /* AlexRealPoolTests.xctest */ = {isa = PBXFileReference; explicitFileType = wrapper.cfbundle; includeInIndex = 0; path = AlexRealPoolTests.xctest; sourceTree = BUILT_PRODUCTS_DIR; };
		DADDCE342AC45F61005DA2F6 /* AlexRealPoolTests.swift */ = {isa = PBXFileReference; lastKnownFileType = sourcecode.swift; path = AlexRealPoolTests.swift; sourceTree = "<group>"; };
		DADDCE3A2AC45F61005DA2F6 /* AlexRealPoolUITests.xctest */ = {isa = PBXFileReference; explicitFileType = wrapper.cfbundle; includeInIndex = 0; path = AlexRealPoolUITests.xctest; sourceTree = BUILT_PRODUCTS_DIR; };
		DADDCE3E2AC45F61005DA2F6 /* AlexRealPoolUITests.swift */ = {isa = PBXFileReference; lastKnownFileType = sourcecode.swift; path = AlexRealPoolUITests.swift; sourceTree = "<group>"; };
		DADDCE402AC45F61005DA2F6 /* AlexRealPoolUITestsLaunchTests.swift */ = {isa = PBXFileReference; lastKnownFileType = sourcecode.swift; path = AlexRealPoolUITestsLaunchTests.swift; sourceTree = "<group>"; };
/* End PBXFileReference section */

/* Begin PBXFrameworksBuildPhase section */
		DADDCE142AC45F5E005DA2F6 /* Frameworks */ = {
			isa = PBXFrameworksBuildPhase;
			buildActionMask = 2147483647;
			files = (
			);
			runOnlyForDeploymentPostprocessing = 0;
		};
		DADDCE2D2AC45F61005DA2F6 /* Frameworks */ = {
			isa = PBXFrameworksBuildPhase;
			buildActionMask = 2147483647;
			files = (
			);
			runOnlyForDeploymentPostprocessing = 0;
		};
		DADDCE372AC45F61005DA2F6 /* Frameworks */ = {
			isa = PBXFrameworksBuildPhase;
			buildActionMask = 2147483647;
			files = (
			);
			runOnlyForDeploymentPostprocessing = 0;
		};
/* End PBXFrameworksBuildPhase section */

/* Begin PBXGroup section */
		DADDCE0E2AC45F5E005DA2F6 = {
			isa = PBXGroup;
			children = (
				DADDCE192AC45F5E005DA2F6 /* AlexRealPool */,
				DADDCE332AC45F61005DA2F6 /* AlexRealPoolTests */,
				DADDCE3D2AC45F61005DA2F6 /* AlexRealPoolUITests */,
				DADDCE182AC45F5E005DA2F6 /* Products */,
			);
			sourceTree = "<group>";
		};
		DADDCE182AC45F5E005DA2F6 /* Products */ = {
			isa = PBXGroup;
			children = (
				DADDCE172AC45F5E005DA2F6 /* AlexRealPool.app */,
				DADDCE302AC45F61005DA2F6 /* AlexRealPoolTests.xctest */,
				DADDCE3A2AC45F61005DA2F6 /* AlexRealPoolUITests.xctest */,
			);
			name = Products;
			sourceTree = "<group>";
		};
		DADDCE192AC45F5E005DA2F6 /* AlexRealPool */ = {
			isa = PBXGroup;
			children = (
				DADDCE1A2AC45F5E005DA2F6 /* AppDelegate.swift */,
				DADDCE1C2AC45F5E005DA2F6 /* GameScene.sks */,
				60E142472AC4749900B405B6 /* MenuScene.swift */,
				DADDCE202AC45F5E005DA2F6 /* GameScene.swift */,
				DADDCE222AC45F5E005DA2F6 /* GameViewController.swift */,
				DADDCE242AC45F5E005DA2F6 /* Main.storyboard */,
				DADDCE292AC45F61005DA2F6 /* LaunchScreen.storyboard */,
				DADDCE272AC45F61005DA2F6 /* Assets.xcassets */,
			);
			path = AlexRealPool;
			sourceTree = "<group>";
		};
		DADDCE332AC45F61005DA2F6 /* AlexRealPoolTests */ = {
			isa = PBXGroup;
			children = (
				DADDCE342AC45F61005DA2F6 /* AlexRealPoolTests.swift */,
			);
			path = AlexRealPoolTests;
			sourceTree = "<group>";
		};
		DADDCE3D2AC45F61005DA2F6 /* AlexRealPoolUITests */ = {
			isa = PBXGroup;
			children = (
				DADDCE3E2AC45F61005DA2F6 /* AlexRealPoolUITests.swift */,
				DADDCE402AC45F61005DA2F6 /* AlexRealPoolUITestsLaunchTests.swift */,
			);
			path = AlexRealPoolUITests;
			sourceTree = "<group>";
		};
/* End PBXGroup section */

/* Begin PBXNativeTarget section */
		DADDCE162AC45F5E005DA2F6 /* AlexRealPool */ = {
			isa = PBXNativeTarget;
			buildConfigurationList = DADDCE442AC45F61005DA2F6 /* Build configuration list for PBXNativeTarget "AlexRealPool" */;
			buildPhases = (
				DADDCE132AC45F5E005DA2F6 /* Sources */,
				DADDCE142AC45F5E005DA2F6 /* Frameworks */,
				DADDCE152AC45F5E005DA2F6 /* Resources */,
			);
			buildRules = (
			);
			dependencies = (
			);
			name = AlexRealPool;
			productName = AlexRealPool;
			productReference = DADDCE172AC45F5E005DA2F6 /* AlexRealPool.app */;
			productType = "com.apple.product-type.application";
		};
		DADDCE2F2AC45F61005DA2F6 /* AlexRealPoolTests */ = {
			isa = PBXNativeTarget;
			buildConfigurationList = DADDCE472AC45F61005DA2F6 /* Build configuration list for PBXNativeTarget "AlexRealPoolTests" */;
			buildPhases = (
				DADDCE2C2AC45F61005DA2F6 /* Sources */,
				DADDCE2D2AC45F61005DA2F6 /* Frameworks */,
				DADDCE2E2AC45F61005DA2F6 /* Resources */,
			);
			buildRules = (
			);
			dependencies = (
				DADDCE322AC45F61005DA2F6 /* PBXTargetDependency */,
			);
			name = AlexRealPoolTests;
			productName = AlexRealPoolTests;
			productReference = DADDCE302AC45F61005DA2F6 /* AlexRealPoolTests.xctest */;
			productType = "com.apple.product-type.bundle.unit-test";
		};
		DADDCE392AC45F61005DA2F6 /* AlexRealPoolUITests */ = {
			isa = PBXNativeTarget;
			buildConfigurationList = DADDCE4A2AC45F61005DA2F6 /* Build configuration list for PBXNativeTarget "AlexRealPoolUITests" */;
			buildPhases = (
				DADDCE362AC45F61005DA2F6 /* Sources */,
				DADDCE372AC45F61005DA2F6 /* Frameworks */,
				DADDCE382AC45F61005DA2F6 /* Resources */,
			);
			buildRules = (
			);
			dependencies = (
				DADDCE3C2AC45F61005DA2F6 /* PBXTargetDependency */,
			);
			name = AlexRealPoolUITests;
			productName = AlexRealPoolUITests;
			productReference = DADDCE3A2AC45F61005DA2F6 /* AlexRealPoolUITests.xctest */;
			productType = "com.apple.product-type.bundle.ui-testing";
		};
/* End PBXNativeTarget section */

/* Begin PBXProject section */
		DADDCE0F2AC45F5E005DA2F6 /* Project object */ = {
			isa = PBXProject;
			attributes = {
				BuildIndependentTargetsInParallel = 1;
				LastSwiftUpdateCheck = 1500;
				LastUpgradeCheck = 1500;
				TargetAttributes = {
					DADDCE162AC45F5E005DA2F6 = {
						CreatedOnToolsVersion = 15.0;
					};
					DADDCE2F2AC45F61005DA2F6 = {
						CreatedOnToolsVersion = 15.0;
						TestTargetID = DADDCE162AC45F5E005DA2F6;
					};
					DADDCE392AC45F61005DA2F6 = {
						CreatedOnToolsVersion = 15.0;
						TestTargetID = DADDCE162AC45F5E005DA2F6;
					};
				};
			};
			buildConfigurationList = DADDCE122AC45F5E005DA2F6 /* Build configuration list for PBXProject "AlexRealPool" */;
			compatibilityVersion = "Xcode 14.0";
			developmentRegion = en;
			hasScannedForEncodings = 0;
			knownRegions = (
				en,
				Base,
			);
			mainGroup = DADDCE0E2AC45F5E005DA2F6;
			productRefGroup = DADDCE182AC45F5E005DA2F6 /* Products */;
			projectDirPath = "";
			projectRoot = "";
			targets = (
				DADDCE162AC45F5E005DA2F6 /* AlexRealPool */,
				DADDCE2F2AC45F61005DA2F6 /* AlexRealPoolTests */,
				DADDCE392AC45F61005DA2F6 /* AlexRealPoolUITests */,
			);
		};
/* End PBXProject section */

/* Begin PBXResourcesBuildPhase section */
		DADDCE152AC45F5E005DA2F6 /* Resources */ = {
			isa = PBXResourcesBuildPhase;
			buildActionMask = 2147483647;
			files = (
				DADDCE262AC45F5E005DA2F6 /* Main.storyboard in Resources */,
				DADDCE1D2AC45F5E005DA2F6 /* GameScene.sks in Resources */,
				DADDCE282AC45F61005DA2F6 /* Assets.xcassets in Resources */,
				DADDCE2B2AC45F61005DA2F6 /* LaunchScreen.storyboard in Resources */,
			);
			runOnlyForDeploymentPostprocessing = 0;
		};
		DADDCE2E2AC45F61005DA2F6 /* Resources */ = {
			isa = PBXResourcesBuildPhase;
			buildActionMask = 2147483647;
			files = (
			);
			runOnlyForDeploymentPostprocessing = 0;
		};
		DADDCE382AC45F61005DA2F6 /* Resources */ = {
			isa = PBXResourcesBuildPhase;
			buildActionMask = 2147483647;
			files = (
			);
			runOnlyForDeploymentPostprocessing = 0;
		};
/* End PBXResourcesBuildPhase section */

/* Begin PBXSourcesBuildPhase section */
		DADDCE132AC45F5E005DA2F6 /* Sources */ = {
			isa = PBXSourcesBuildPhase;
			buildActionMask = 2147483647;
			files = (
				DADDCE212AC45F5E005DA2F6 /* GameScene.swift in Sources */,
				60E142482AC4749900B405B6 /* MenuScene.swift in Sources */,
				DADDCE232AC45F5E005DA2F6 /* GameViewController.swift in Sources */,
				DADDCE1B2AC45F5E005DA2F6 /* AppDelegate.swift in Sources */,
			);
			runOnlyForDeploymentPostprocessing = 0;
		};
		DADDCE2C2AC45F61005DA2F6 /* Sources */ = {
			isa = PBXSourcesBuildPhase;
			buildActionMask = 2147483647;
			files = (
				DADDCE352AC45F61005DA2F6 /* AlexRealPoolTests.swift in Sources */,
			);
			runOnlyForDeploymentPostprocessing = 0;
		};
		DADDCE362AC45F61005DA2F6 /* Sources */ = {
			isa = PBXSourcesBuildPhase;
			buildActionMask = 2147483647;
			files = (
				DADDCE412AC45F61005DA2F6 /* AlexRealPoolUITestsLaunchTests.swift in Sources */,
				DADDCE3F2AC45F61005DA2F6 /* AlexRealPoolUITests.swift in Sources */,
			);
			runOnlyForDeploymentPostprocessing = 0;
		};
/* End PBXSourcesBuildPhase section */

/* Begin PBXTargetDependency section */
		DADDCE322AC45F61005DA2F6 /* PBXTargetDependency */ = {
			isa = PBXTargetDependency;
			target = DADDCE162AC45F5E005DA2F6 /* AlexRealPool */;
			targetProxy = DADDCE312AC45F61005DA2F6 /* PBXContainerItemProxy */;
		};
		DADDCE3C2AC45F61005DA2F6 /* PBXTargetDependency */ = {
			isa = PBXTargetDependency;
			target = DADDCE162AC45F5E005DA2F6 /* AlexRealPool */;
			targetProxy = DADDCE3B2AC45F61005DA2F6 /* PBXContainerItemProxy */;
		};
/* End PBXTargetDependency section */

/* Begin PBXVariantGroup section */
		DADDCE242AC45F5E005DA2F6 /* Main.storyboard */ = {
			isa = PBXVariantGroup;
			children = (
				DADDCE252AC45F5E005DA2F6 /* Base */,
			);
			name = Main.storyboard;
			sourceTree = "<group>";
		};
		DADDCE292AC45F61005DA2F6 /* LaunchScreen.storyboard */ = {
			isa = PBXVariantGroup;
			children = (
				DADDCE2A2AC45F61005DA2F6 /* Base */,
			);
			name = LaunchScreen.storyboard;
			sourceTree = "<group>";
		};
/* End PBXVariantGroup section */

/* Begin XCBuildConfiguration section */
		DADDCE422AC45F61005DA2F6 /* Debug */ = {
			isa = XCBuildConfiguration;
			buildSettings = {
				ALWAYS_SEARCH_USER_PATHS = NO;
				ASSETCATALOG_COMPILER_GENERATE_SWIFT_ASSET_SYMBOL_EXTENSIONS = YES;
				CLANG_ANALYZER_NONNULL = YES;
				CLANG_ANALYZER_NUMBER_OBJECT_CONVERSION = YES_AGGRESSIVE;
				CLANG_CXX_LANGUAGE_STANDARD = "gnu++20";
				CLANG_ENABLE_MODULES = YES;
				CLANG_ENABLE_OBJC_ARC = YES;
				CLANG_ENABLE_OBJC_WEAK = YES;
				CLANG_WARN_BLOCK_CAPTURE_AUTORELEASING = YES;
				CLANG_WARN_BOOL_CONVERSION = YES;
				CLANG_WARN_COMMA = YES;
				CLANG_WARN_CONSTANT_CONVERSION = YES;
				CLANG_WARN_DEPRECATED_OBJC_IMPLEMENTATIONS = YES;
				CLANG_WARN_DIRECT_OBJC_ISA_USAGE = YES_ERROR;
				CLANG_WARN_DOCUMENTATION_COMMENTS = YES;
				CLANG_WARN_EMPTY_BODY = YES;
				CLANG_WARN_ENUM_CONVERSION = YES;
				CLANG_WARN_INFINITE_RECURSION = YES;
				CLANG_WARN_INT_CONVERSION = YES;
				CLANG_WARN_NON_LITERAL_NULL_CONVERSION = YES;
				CLANG_WARN_OBJC_IMPLICIT_RETAIN_SELF = YES;
				CLANG_WARN_OBJC_LITERAL_CONVERSION = YES;
				CLANG_WARN_OBJC_ROOT_CLASS = YES_ERROR;
				CLANG_WARN_QUOTED_INCLUDE_IN_FRAMEWORK_HEADER = YES;
				CLANG_WARN_RANGE_LOOP_ANALYSIS = YES;
				CLANG_WARN_STRICT_PROTOTYPES = YES;
				CLANG_WARN_SUSPICIOUS_MOVE = YES;
				CLANG_WARN_UNGUARDED_AVAILABILITY = YES_AGGRESSIVE;
				CLANG_WARN_UNREACHABLE_CODE = YES;
				CLANG_WARN__DUPLICATE_METHOD_MATCH = YES;
				COPY_PHASE_STRIP = NO;
				DEBUG_INFORMATION_FORMAT = dwarf;
				ENABLE_STRICT_OBJC_MSGSEND = YES;
				ENABLE_TESTABILITY = YES;
				ENABLE_USER_SCRIPT_SANDBOXING = YES;
				GCC_C_LANGUAGE_STANDARD = gnu17;
				GCC_DYNAMIC_NO_PIC = NO;
				GCC_NO_COMMON_BLOCKS = YES;
				GCC_OPTIMIZATION_LEVEL = 0;
				GCC_PREPROCESSOR_DEFINITIONS = (
					"DEBUG=1",
					"$(inherited)",
				);
				GCC_WARN_64_TO_32_BIT_CONVERSION = YES;
				GCC_WARN_ABOUT_RETURN_TYPE = YES_ERROR;
				GCC_WARN_UNDECLARED_SELECTOR = YES;
				GCC_WARN_UNINITIALIZED_AUTOS = YES_AGGRESSIVE;
				GCC_WARN_UNUSED_FUNCTION = YES;
				GCC_WARN_UNUSED_VARIABLE = YES;
				IPHONEOS_DEPLOYMENT_TARGET = 17.0;
				LOCALIZATION_PREFERS_STRING_CATALOGS = YES;
				MTL_ENABLE_DEBUG_INFO = INCLUDE_SOURCE;
				MTL_FAST_MATH = YES;
				ONLY_ACTIVE_ARCH = YES;
				SDKROOT = iphoneos;
				SWIFT_ACTIVE_COMPILATION_CONDITIONS = "DEBUG $(inherited)";
				SWIFT_OPTIMIZATION_LEVEL = "-Onone";
			};
			name = Debug;
		};
		DADDCE432AC45F61005DA2F6 /* Release */ = {
			isa = XCBuildConfiguration;
			buildSettings = {
				ALWAYS_SEARCH_USER_PATHS = NO;
				ASSETCATALOG_COMPILER_GENERATE_SWIFT_ASSET_SYMBOL_EXTENSIONS = YES;
				CLANG_ANALYZER_NONNULL = YES;
				CLANG_ANALYZER_NUMBER_OBJECT_CONVERSION = YES_AGGRESSIVE;
				CLANG_CXX_LANGUAGE_STANDARD = "gnu++20";
				CLANG_ENABLE_MODULES = YES;
				CLANG_ENABLE_OBJC_ARC = YES;
				CLANG_ENABLE_OBJC_WEAK = YES;
				CLANG_WARN_BLOCK_CAPTURE_AUTORELEASING = YES;
				CLANG_WARN_BOOL_CONVERSION = YES;
				CLANG_WARN_COMMA = YES;
				CLANG_WARN_CONSTANT_CONVERSION = YES;
				CLANG_WARN_DEPRECATED_OBJC_IMPLEMENTATIONS = YES;
				CLANG_WARN_DIRECT_OBJC_ISA_USAGE = YES_ERROR;
				CLANG_WARN_DOCUMENTATION_COMMENTS = YES;
				CLANG_WARN_EMPTY_BODY = YES;
				CLANG_WARN_ENUM_CONVERSION = YES;
				CLANG_WARN_INFINITE_RECURSION = YES;
				CLANG_WARN_INT_CONVERSION = YES;
				CLANG_WARN_NON_LITERAL_NULL_CONVERSION = YES;
				CLANG_WARN_OBJC_IMPLICIT_RETAIN_SELF = YES;
				CLANG_WARN_OBJC_LITERAL_CONVERSION = YES;
				CLANG_WARN_OBJC_ROOT_CLASS = YES_ERROR;
				CLANG_WARN_QUOTED_INCLUDE_IN_FRAMEWORK_HEADER = YES;
				CLANG_WARN_RANGE_LOOP_ANALYSIS = YES;
				CLANG_WARN_STRICT_PROTOTYPES = YES;
				CLANG_WARN_SUSPICIOUS_MOVE = YES;
				CLANG_WARN_UNGUARDED_AVAILABILITY = YES_AGGRESSIVE;
				CLANG_WARN_UNREACHABLE_CODE = YES;
				CLANG_WARN__DUPLICATE_METHOD_MATCH = YES;
				COPY_PHASE_STRIP = NO;
				DEBUG_INFORMATION_FORMAT = "dwarf-with-dsym";
				ENABLE_NS_ASSERTIONS = NO;
				ENABLE_STRICT_OBJC_MSGSEND = YES;
				ENABLE_USER_SCRIPT_SANDBOXING = YES;
				GCC_C_LANGUAGE_STANDARD = gnu17;
				GCC_NO_COMMON_BLOCKS = YES;
				GCC_WARN_64_TO_32_BIT_CONVERSION = YES;
				GCC_WARN_ABOUT_RETURN_TYPE = YES_ERROR;
				GCC_WARN_UNDECLARED_SELECTOR = YES;
				GCC_WARN_UNINITIALIZED_AUTOS = YES_AGGRESSIVE;
				GCC_WARN_UNUSED_FUNCTION = YES;
				GCC_WARN_UNUSED_VARIABLE = YES;
				IPHONEOS_DEPLOYMENT_TARGET = 17.0;
				LOCALIZATION_PREFERS_STRING_CATALOGS = YES;
				MTL_ENABLE_DEBUG_INFO = NO;
				MTL_FAST_MATH = YES;
				SDKROOT = iphoneos;
				SWIFT_COMPILATION_MODE = wholemodule;
				VALIDATE_PRODUCT = YES;
			};
			name = Release;
		};
		DADDCE452AC45F61005DA2F6 /* Debug */ = {
			isa = XCBuildConfiguration;
			buildSettings = {
				ASSETCATALOG_COMPILER_APPICON_NAME = AppIcon;
				ASSETCATALOG_COMPILER_GLOBAL_ACCENT_COLOR_NAME = AccentColor;
				CODE_SIGN_STYLE = Automatic;
				CURRENT_PROJECT_VERSION = 1;
				DEVELOPMENT_TEAM = 2468BPPX7Z;
				GENERATE_INFOPLIST_FILE = YES;
				INFOPLIST_KEY_UIApplicationSupportsIndirectInputEvents = YES;
				INFOPLIST_KEY_UILaunchStoryboardName = GameScene;
				INFOPLIST_KEY_UIMainStoryboardFile = Main;
				INFOPLIST_KEY_UIStatusBarHidden = YES;
				INFOPLIST_KEY_UISupportedInterfaceOrientations = "UIInterfaceOrientationLandscapeLeft UIInterfaceOrientationLandscapeRight";
				LD_RUNPATH_SEARCH_PATHS = (
					"$(inherited)",
					"@executable_path/Frameworks",
				);
				MARKETING_VERSION = 1.0;
				PRODUCT_BUNDLE_IDENTIFIER = com.alexbater.AlexRealPool;
				PRODUCT_NAME = "$(TARGET_NAME)";
				SWIFT_EMIT_LOC_STRINGS = YES;
				SWIFT_VERSION = 5.0;
				TARGETED_DEVICE_FAMILY = "1,2";
			};
			name = Debug;
		};
		DADDCE462AC45F61005DA2F6 /* Release */ = {
			isa = XCBuildConfiguration;
			buildSettings = {
				ASSETCATALOG_COMPILER_APPICON_NAME = AppIcon;
				ASSETCATALOG_COMPILER_GLOBAL_ACCENT_COLOR_NAME = AccentColor;
				CODE_SIGN_STYLE = Automatic;
				CURRENT_PROJECT_VERSION = 1;
				DEVELOPMENT_TEAM = 2468BPPX7Z;
				GENERATE_INFOPLIST_FILE = YES;
				INFOPLIST_KEY_UIApplicationSupportsIndirectInputEvents = YES;
				INFOPLIST_KEY_UILaunchStoryboardName = GameScene;
				INFOPLIST_KEY_UIMainStoryboardFile = Main;
				INFOPLIST_KEY_UIStatusBarHidden = YES;
				INFOPLIST_KEY_UISupportedInterfaceOrientations = "UIInterfaceOrientationLandscapeLeft UIInterfaceOrientationLandscapeRight";
				LD_RUNPATH_SEARCH_PATHS = (
					"$(inherited)",
					"@executable_path/Frameworks",
				);
				MARKETING_VERSION = 1.0;
				PRODUCT_BUNDLE_IDENTIFIER = com.alexbater.AlexRealPool;
				PRODUCT_NAME = "$(TARGET_NAME)";
				SWIFT_EMIT_LOC_STRINGS = YES;
				SWIFT_VERSION = 5.0;
				TARGETED_DEVICE_FAMILY = "1,2";
			};
			name = Release;
		};
		DADDCE482AC45F61005DA2F6 /* Debug */ = {
			isa = XCBuildConfiguration;
			buildSettings = {
				ALWAYS_EMBED_SWIFT_STANDARD_LIBRARIES = YES;
				BUNDLE_LOADER = "$(TEST_HOST)";
				CODE_SIGN_STYLE = Automatic;
				CURRENT_PROJECT_VERSION = 1;
				DEVELOPMENT_TEAM = 2468BPPX7Z;
				GENERATE_INFOPLIST_FILE = YES;
				IPHONEOS_DEPLOYMENT_TARGET = 17.0;
				MARKETING_VERSION = 1.0;
				PRODUCT_BUNDLE_IDENTIFIER = com.alexbater.AlexRealPoolTests;
				PRODUCT_NAME = "$(TARGET_NAME)";
				SWIFT_EMIT_LOC_STRINGS = NO;
				SWIFT_VERSION = 5.0;
				TARGETED_DEVICE_FAMILY = "1,2";
				TEST_HOST = "$(BUILT_PRODUCTS_DIR)/AlexRealPool.app/$(BUNDLE_EXECUTABLE_FOLDER_PATH)/AlexRealPool";
			};
			name = Debug;
		};
		DADDCE492AC45F61005DA2F6 /* Release */ = {
			isa = XCBuildConfiguration;
			buildSettings = {
				ALWAYS_EMBED_SWIFT_STANDARD_LIBRARIES = YES;
				BUNDLE_LOADER = "$(TEST_HOST)";
				CODE_SIGN_STYLE = Automatic;
				CURRENT_PROJECT_VERSION = 1;
				DEVELOPMENT_TEAM = 2468BPPX7Z;
				GENERATE_INFOPLIST_FILE = YES;
				IPHONEOS_DEPLOYMENT_TARGET = 17.0;
				MARKETING_VERSION = 1.0;
				PRODUCT_BUNDLE_IDENTIFIER = com.alexbater.AlexRealPoolTests;
				PRODUCT_NAME = "$(TARGET_NAME)";
				SWIFT_EMIT_LOC_STRINGS = NO;
				SWIFT_VERSION = 5.0;
				TARGETED_DEVICE_FAMILY = "1,2";
				TEST_HOST = "$(BUILT_PRODUCTS_DIR)/AlexRealPool.app/$(BUNDLE_EXECUTABLE_FOLDER_PATH)/AlexRealPool";
			};
			name = Release;
		};
		DADDCE4B2AC45F61005DA2F6 /* Debug */ = {
			isa = XCBuildConfiguration;
			buildSettings = {
				ALWAYS_EMBED_SWIFT_STANDARD_LIBRARIES = YES;
				CODE_SIGN_STYLE = Automatic;
				CURRENT_PROJECT_VERSION = 1;
				DEVELOPMENT_TEAM = 2468BPPX7Z;
				GENERATE_INFOPLIST_FILE = YES;
				MARKETING_VERSION = 1.0;
				PRODUCT_BUNDLE_IDENTIFIER = com.alexbater.AlexRealPoolUITests;
				PRODUCT_NAME = "$(TARGET_NAME)";
				SWIFT_EMIT_LOC_STRINGS = NO;
				SWIFT_VERSION = 5.0;
				TARGETED_DEVICE_FAMILY = "1,2";
				TEST_TARGET_NAME = AlexRealPool;
			};
			name = Debug;
		};
		DADDCE4C2AC45F61005DA2F6 /* Release */ = {
			isa = XCBuildConfiguration;
			buildSettings = {
				ALWAYS_EMBED_SWIFT_STANDARD_LIBRARIES = YES;
				CODE_SIGN_STYLE = Automatic;
				CURRENT_PROJECT_VERSION = 1;
				DEVELOPMENT_TEAM = 2468BPPX7Z;
				GENERATE_INFOPLIST_FILE = YES;
				MARKETING_VERSION = 1.0;
				PRODUCT_BUNDLE_IDENTIFIER = com.alexbater.AlexRealPoolUITests;
				PRODUCT_NAME = "$(TARGET_NAME)";
				SWIFT_EMIT_LOC_STRINGS = NO;
				SWIFT_VERSION = 5.0;
				TARGETED_DEVICE_FAMILY = "1,2";
				TEST_TARGET_NAME = AlexRealPool;
			};
			name = Release;
		};
/* End XCBuildConfiguration section */

/* Begin XCConfigurationList section */
		DADDCE122AC45F5E005DA2F6 /* Build configuration list for PBXProject "AlexRealPool" */ = {
			isa = XCConfigurationList;
			buildConfigurations = (
				DADDCE422AC45F61005DA2F6 /* Debug */,
				DADDCE432AC45F61005DA2F6 /* Release */,
			);
			defaultConfigurationIsVisible = 0;
			defaultConfigurationName = Release;
		};
		DADDCE442AC45F61005DA2F6 /* Build configuration list for PBXNativeTarget "AlexRealPool" */ = {
			isa = XCConfigurationList;
			buildConfigurations = (
				DADDCE452AC45F61005DA2F6 /* Debug */,
				DADDCE462AC45F61005DA2F6 /* Release */,
			);
			defaultConfigurationIsVisible = 0;
			defaultConfigurationName = Release;
		};
		DADDCE472AC45F61005DA2F6 /* Build configuration list for PBXNativeTarget "AlexRealPoolTests" */ = {
			isa = XCConfigurationList;
			buildConfigurations = (
				DADDCE482AC45F61005DA2F6 /* Debug */,
				DADDCE492AC45F61005DA2F6 /* Release */,
			);
			defaultConfigurationIsVisible = 0;
			defaultConfigurationName = Release;
		};
		DADDCE4A2AC45F61005DA2F6 /* Build configuration list for PBXNativeTarget "AlexRealPoolUITests" */ = {
			isa = XCConfigurationList;
			buildConfigurations = (
				DADDCE4B2AC45F61005DA2F6 /* Debug */,
				DADDCE4C2AC45F61005DA2F6 /* Release */,
			);
			defaultConfigurationIsVisible = 0;
			defaultConfigurationName = Release;
		};
/* End XCConfigurationList section */
	};
	rootObject = DADDCE0F2AC45F5E005DA2F6 /* Project object */;
}
